
Microsoft Visual Studio Solution File, Format Version 12.00
# Visual Studio Version 16
VisualStudioVersion = 16.0.30503.244
MinimumVisualStudioVersion = 10.0.40219.1
Project("{FAE04EC0-301F-11D3-BF4B-00C04F79EFBC}") = "Udabol_Tareas_Restful", "Udabol_Tareas_Restful\Udabol_Tareas_Restful.csproj", "{8481CD45-59DB-4363-A3F5-DB058E9586CE}"
EndProject
Global
	GlobalSection(SolutionConfigurationPlatforms) = preSolution
		Debug|Any CPU = Debug|Any CPU
		Release|Any CPU = Release|Any CPU
	EndGlobalSection
	GlobalSection(ProjectConfigurationPlatforms) = postSolution
		{8481CD45-59DB-4363-A3F5-DB058E9586CE}.Debug|Any CPU.ActiveCfg = Debug|Any CPU
		{8481CD45-59DB-4363-A3F5-DB058E9586CE}.Debug|Any CPU.Build.0 = Debug|Any CPU
		{8481CD45-59DB-4363-A3F5-DB058E9586CE}.Release|Any CPU.ActiveCfg = Release|Any CPU
		{8481CD45-59DB-4363-A3F5-DB058E9586CE}.Release|Any CPU.Build.0 = Release|Any CPU
	EndGlobalSection
	GlobalSection(SolutionProperties) = preSolution
		HideSolutionNode = FALSE
	EndGlobalSection
	GlobalSection(ExtensibilityGlobals) = postSolution
		SolutionGuid = {AAF5A701-7B49-4FB0-A8BC-A953BDFA62FF}
	EndGlobalSection
EndGlobal
