
Microsoft Visual Studio Solution File, Format Version 12.00
# Visual Studio Version 16
VisualStudioVersion = 16.0.30503.244
MinimumVisualStudioVersion = 10.0.40219.1
Project("{FAE04EC0-301F-11D3-BF4B-00C04F79EFBC}") = "AsignadorTareasAPI", "AsignadorTareasAPI\AsignadorTareasAPI.csproj", "{9C494AF1-C116-4CF0-93CD-575235BD37D3}"
EndProject
Global
	GlobalSection(SolutionConfigurationPlatforms) = preSolution
		Debug|Any CPU = Debug|Any CPU
		Release|Any CPU = Release|Any CPU
	EndGlobalSection
	GlobalSection(ProjectConfigurationPlatforms) = postSolution
		{9C494AF1-C116-4CF0-93CD-575235BD37D3}.Debug|Any CPU.ActiveCfg = Debug|Any CPU
		{9C494AF1-C116-4CF0-93CD-575235BD37D3}.Debug|Any CPU.Build.0 = Debug|Any CPU
		{9C494AF1-C116-4CF0-93CD-575235BD37D3}.Release|Any CPU.ActiveCfg = Release|Any CPU
		{9C494AF1-C116-4CF0-93CD-575235BD37D3}.Release|Any CPU.Build.0 = Release|Any CPU
	EndGlobalSection
	GlobalSection(SolutionProperties) = preSolution
		HideSolutionNode = FALSE
	EndGlobalSection
	GlobalSection(ExtensibilityGlobals) = postSolution
		SolutionGuid = {2AABF9AD-86C1-4DDD-BC05-3D7E35A4FA48}
	EndGlobalSection
EndGlobal
