
Microsoft Visual Studio Solution File, Format Version 12.00
# Visual Studio Version 16
VisualStudioVersion = 16.0.30503.244
MinimumVisualStudioVersion = 10.0.40219.1
Project("{FAE04EC0-301F-11D3-BF4B-00C04F79EFBC}") = "Presentacion", "AsignadorTareasAPI\Presentacion.csproj", "{C2913A6D-5CBB-4663-97DF-6E6B172699A5}"
EndProject
Project("{2150E333-8FDC-42A3-9474-1A3956D46DE8}") = "src", "src", "{BDA9A9B6-9544-4B68-AE9E-C5F32DB29B55}"
EndProject
Project("{2150E333-8FDC-42A3-9474-1A3956D46DE8}") = "test", "test", "{D09831A5-354D-4E32-8D6F-550675F1B46F}"
EndProject
Project("{FAE04EC0-301F-11D3-BF4B-00C04F79EFBC}") = "Modelo", "Modelo\Modelo.csproj", "{3EEDC268-1DF6-4318-82D2-6FF0CC5C37BE}"
EndProject
Project("{FAE04EC0-301F-11D3-BF4B-00C04F79EFBC}") = "Negocio", "Negocio\Negocio.csproj", "{074DBD79-F94B-4519-9BD8-DFA96E1B6100}"
EndProject
Project("{FAE04EC0-301F-11D3-BF4B-00C04F79EFBC}") = "DAO", "DAO\DAO.csproj", "{71F3D30F-0568-41C8-8FC4-6C9702E1BC7D}"
EndProject
Project("{2150E333-8FDC-42A3-9474-1A3956D46DE8}") = "BaseDeDatosTxt", "BaseDeDatosTxt", "{C743C7A7-9CB0-4A49-BCD3-ADB823E75752}"
	ProjectSection(SolutionItems) = preProject
		Estado.txt = Estado.txt
		EstadoTarea.txt = EstadoTarea.txt
		EstadoUsuario.txt = EstadoUsuario.txt
		Persona.txt = Persona.txt
		Rol.txt = Rol.txt
		Tarea.txt = Tarea.txt
		Usuario.txt = Usuario.txt
	EndProjectSection
EndProject
Global
	GlobalSection(SolutionConfigurationPlatforms) = preSolution
		Debug|Any CPU = Debug|Any CPU
		Debug|x64 = Debug|x64
		Debug|x86 = Debug|x86
		Release|Any CPU = Release|Any CPU
		Release|x64 = Release|x64
		Release|x86 = Release|x86
	EndGlobalSection
	GlobalSection(ProjectConfigurationPlatforms) = postSolution
		{C2913A6D-5CBB-4663-97DF-6E6B172699A5}.Debug|Any CPU.ActiveCfg = Debug|Any CPU
		{C2913A6D-5CBB-4663-97DF-6E6B172699A5}.Debug|Any CPU.Build.0 = Debug|Any CPU
		{C2913A6D-5CBB-4663-97DF-6E6B172699A5}.Debug|x64.ActiveCfg = Debug|Any CPU
		{C2913A6D-5CBB-4663-97DF-6E6B172699A5}.Debug|x64.Build.0 = Debug|Any CPU
		{C2913A6D-5CBB-4663-97DF-6E6B172699A5}.Debug|x86.ActiveCfg = Debug|Any CPU
		{C2913A6D-5CBB-4663-97DF-6E6B172699A5}.Debug|x86.Build.0 = Debug|Any CPU
		{C2913A6D-5CBB-4663-97DF-6E6B172699A5}.Release|Any CPU.ActiveCfg = Release|Any CPU
		{C2913A6D-5CBB-4663-97DF-6E6B172699A5}.Release|Any CPU.Build.0 = Release|Any CPU
		{C2913A6D-5CBB-4663-97DF-6E6B172699A5}.Release|x64.ActiveCfg = Release|Any CPU
		{C2913A6D-5CBB-4663-97DF-6E6B172699A5}.Release|x64.Build.0 = Release|Any CPU
		{C2913A6D-5CBB-4663-97DF-6E6B172699A5}.Release|x86.ActiveCfg = Release|Any CPU
		{C2913A6D-5CBB-4663-97DF-6E6B172699A5}.Release|x86.Build.0 = Release|Any CPU
		{3EEDC268-1DF6-4318-82D2-6FF0CC5C37BE}.Debug|Any CPU.ActiveCfg = Debug|Any CPU
		{3EEDC268-1DF6-4318-82D2-6FF0CC5C37BE}.Debug|Any CPU.Build.0 = Debug|Any CPU
		{3EEDC268-1DF6-4318-82D2-6FF0CC5C37BE}.Debug|x64.ActiveCfg = Debug|Any CPU
		{3EEDC268-1DF6-4318-82D2-6FF0CC5C37BE}.Debug|x64.Build.0 = Debug|Any CPU
		{3EEDC268-1DF6-4318-82D2-6FF0CC5C37BE}.Debug|x86.ActiveCfg = Debug|Any CPU
		{3EEDC268-1DF6-4318-82D2-6FF0CC5C37BE}.Debug|x86.Build.0 = Debug|Any CPU
		{3EEDC268-1DF6-4318-82D2-6FF0CC5C37BE}.Release|Any CPU.ActiveCfg = Release|Any CPU
		{3EEDC268-1DF6-4318-82D2-6FF0CC5C37BE}.Release|Any CPU.Build.0 = Release|Any CPU
		{3EEDC268-1DF6-4318-82D2-6FF0CC5C37BE}.Release|x64.ActiveCfg = Release|Any CPU
		{3EEDC268-1DF6-4318-82D2-6FF0CC5C37BE}.Release|x64.Build.0 = Release|Any CPU
		{3EEDC268-1DF6-4318-82D2-6FF0CC5C37BE}.Release|x86.ActiveCfg = Release|Any CPU
		{3EEDC268-1DF6-4318-82D2-6FF0CC5C37BE}.Release|x86.Build.0 = Release|Any CPU
		{074DBD79-F94B-4519-9BD8-DFA96E1B6100}.Debug|Any CPU.ActiveCfg = Debug|Any CPU
		{074DBD79-F94B-4519-9BD8-DFA96E1B6100}.Debug|Any CPU.Build.0 = Debug|Any CPU
		{074DBD79-F94B-4519-9BD8-DFA96E1B6100}.Debug|x64.ActiveCfg = Debug|Any CPU
		{074DBD79-F94B-4519-9BD8-DFA96E1B6100}.Debug|x64.Build.0 = Debug|Any CPU
		{074DBD79-F94B-4519-9BD8-DFA96E1B6100}.Debug|x86.ActiveCfg = Debug|Any CPU
		{074DBD79-F94B-4519-9BD8-DFA96E1B6100}.Debug|x86.Build.0 = Debug|Any CPU
		{074DBD79-F94B-4519-9BD8-DFA96E1B6100}.Release|Any CPU.ActiveCfg = Release|Any CPU
		{074DBD79-F94B-4519-9BD8-DFA96E1B6100}.Release|Any CPU.Build.0 = Release|Any CPU
		{074DBD79-F94B-4519-9BD8-DFA96E1B6100}.Release|x64.ActiveCfg = Release|Any CPU
		{074DBD79-F94B-4519-9BD8-DFA96E1B6100}.Release|x64.Build.0 = Release|Any CPU
		{074DBD79-F94B-4519-9BD8-DFA96E1B6100}.Release|x86.ActiveCfg = Release|Any CPU
		{074DBD79-F94B-4519-9BD8-DFA96E1B6100}.Release|x86.Build.0 = Release|Any CPU
		{71F3D30F-0568-41C8-8FC4-6C9702E1BC7D}.Debug|Any CPU.ActiveCfg = Debug|Any CPU
		{71F3D30F-0568-41C8-8FC4-6C9702E1BC7D}.Debug|Any CPU.Build.0 = Debug|Any CPU
		{71F3D30F-0568-41C8-8FC4-6C9702E1BC7D}.Debug|x64.ActiveCfg = Debug|Any CPU
		{71F3D30F-0568-41C8-8FC4-6C9702E1BC7D}.Debug|x64.Build.0 = Debug|Any CPU
		{71F3D30F-0568-41C8-8FC4-6C9702E1BC7D}.Debug|x86.ActiveCfg = Debug|Any CPU
		{71F3D30F-0568-41C8-8FC4-6C9702E1BC7D}.Debug|x86.Build.0 = Debug|Any CPU
		{71F3D30F-0568-41C8-8FC4-6C9702E1BC7D}.Release|Any CPU.ActiveCfg = Release|Any CPU
		{71F3D30F-0568-41C8-8FC4-6C9702E1BC7D}.Release|Any CPU.Build.0 = Release|Any CPU
		{71F3D30F-0568-41C8-8FC4-6C9702E1BC7D}.Release|x64.ActiveCfg = Release|Any CPU
		{71F3D30F-0568-41C8-8FC4-6C9702E1BC7D}.Release|x64.Build.0 = Release|Any CPU
		{71F3D30F-0568-41C8-8FC4-6C9702E1BC7D}.Release|x86.ActiveCfg = Release|Any CPU
		{71F3D30F-0568-41C8-8FC4-6C9702E1BC7D}.Release|x86.Build.0 = Release|Any CPU
	EndGlobalSection
	GlobalSection(SolutionProperties) = preSolution
		HideSolutionNode = FALSE
	EndGlobalSection
	GlobalSection(NestedProjects) = preSolution
		{C2913A6D-5CBB-4663-97DF-6E6B172699A5} = {BDA9A9B6-9544-4B68-AE9E-C5F32DB29B55}
		{3EEDC268-1DF6-4318-82D2-6FF0CC5C37BE} = {BDA9A9B6-9544-4B68-AE9E-C5F32DB29B55}
		{074DBD79-F94B-4519-9BD8-DFA96E1B6100} = {BDA9A9B6-9544-4B68-AE9E-C5F32DB29B55}
		{71F3D30F-0568-41C8-8FC4-6C9702E1BC7D} = {BDA9A9B6-9544-4B68-AE9E-C5F32DB29B55}
	EndGlobalSection
	GlobalSection(ExtensibilityGlobals) = postSolution
		SolutionGuid = {EE585D87-732C-424F-A3CB-DEFDAAD96E6C}
	EndGlobalSection
EndGlobal
