
Microsoft Visual Studio Solution File, Format Version 12.00
# Visual Studio 15
Project("{FAE04EC0-301F-11D3-BF4B-00C04F79EFBC}") = "consumWEB", "consumWEB\consumWEB.csproj", "{EC0BD9FC-D5EA-43EA-894C-32ECF8CC4A99}"
EndProject
Global
	GlobalSection(SolutionConfigurationPlatforms) = preSolution
		Debug|Any CPU = Debug|Any CPU
		Release|Any CPU = Release|Any CPU
	EndGlobalSection
	GlobalSection(ProjectConfigurationPlatforms) = postSolution
		{EC0BD9FC-D5EA-43EA-894C-32ECF8CC4A99}.Debug|Any CPU.ActiveCfg = Debug|Any CPU
		{EC0BD9FC-D5EA-43EA-894C-32ECF8CC4A99}.Debug|Any CPU.Build.0 = Debug|Any CPU
		{EC0BD9FC-D5EA-43EA-894C-32ECF8CC4A99}.Release|Any CPU.ActiveCfg = Release|Any CPU
		{EC0BD9FC-D5EA-43EA-894C-32ECF8CC4A99}.Release|Any CPU.Build.0 = Release|Any CPU
	EndGlobalSection
EndGlobal
